
Microsoft Visual Studio Solution File, Format Version 12.00
# Visual Studio Version 17
VisualStudioVersion = 17.14.36414.22
MinimumVisualStudioVersion = 10.0.40219.1
Project("{2150E333-8FDC-42A3-9474-1A3956D46DE8}") = "FrontEnd", "FrontEnd", "{02EA681E-C7D8-13C7-8484-4AC65E1B71E8}"
EndProject
Project("{2150E333-8FDC-42A3-9474-1A3956D46DE8}") = "Gateway", "Gateway", "{9307D58F-DD6B-4114-BDB1-94BFD4F146D7}"
EndProject
Project("{2150E333-8FDC-42A3-9474-1A3956D46DE8}") = "Integration", "Integration", "{4BE4C3A2-CE47-4C21-A6CA-F1AAE009C711}"
EndProject
Project("{2150E333-8FDC-42A3-9474-1A3956D46DE8}") = "Services", "Services", "{0AAFF19A-6F64-47A5-9A23-E013F73D0A60}"
EndProject
Project("{FAE04EC0-301F-11D3-BF4B-00C04F79EFBC}") = "Mango.Services.CouponAPI", "Mango.Services.CouponAPI\Mango.Services.CouponAPI.csproj", "{5DA0ABB5-2549-49E8-96C6-B5B674AF8C8F}"
EndProject
Project("{FAE04EC0-301F-11D3-BF4B-00C04F79EFBC}") = "Mango.Web", "Mango.Web\Mango.Web.csproj", "{48B4342E-D433-4149-83D1-35C5120E0052}"
EndProject
Project("{FAE04EC0-301F-11D3-BF4B-00C04F79EFBC}") = "Mango.Common", "Mango.Common\Mango.Common.csproj", "{80336995-E4EA-4301-9F5D-9ACB41099BDF}"
EndProject
Project("{FAE04EC0-301F-11D3-BF4B-00C04F79EFBC}") = "Mango.Services.AuthAPI", "Mango.Services.AuthAPI\Mango.Services.AuthAPI.csproj", "{7B0D9D9C-3C6A-452F-857B-AC379258FCA1}"
EndProject
Project("{FAE04EC0-301F-11D3-BF4B-00C04F79EFBC}") = "Mango.Services.ProductAPI", "Mango.Services.ProductAPI\Mango.Services.ProductAPI.csproj", "{11C1C78F-3BD8-4FA7-B8B2-EE77E230EDB6}"
EndProject
Project("{FAE04EC0-301F-11D3-BF4B-00C04F79EFBC}") = "Mango.Services.ShoppingCartAPI", "Mango.Services.ShoppingCartAPI\Mango.Services.ShoppingCartAPI.csproj", "{4FC5EBCA-FE47-4E2C-9373-9B4DDE7D0178}"
EndProject
Project("{FAE04EC0-301F-11D3-BF4B-00C04F79EFBC}") = "Mango.MessageBus", "Mango.MessageBus\Mango.MessageBus.csproj", "{C1AA85D0-7825-4C25-AE83-0BA512EEE9B6}"
EndProject
Project("{FAE04EC0-301F-11D3-BF4B-00C04F79EFBC}") = "Mango.Services.EmailAPI", "Mango.Services.EmailAPI\Mango.Services.EmailAPI.csproj", "{DC712CA2-84B4-4642-9CA5-E56B201BAACD}"
EndProject
Project("{FAE04EC0-301F-11D3-BF4B-00C04F79EFBC}") = "Mango.Services.OrderAPI", "Mango.Services.OrderAPI\Mango.Services.OrderAPI.csproj", "{1258C1F1-27D1-4E31-BEB5-B3895E7B93B6}"
EndProject
Global
	GlobalSection(SolutionConfigurationPlatforms) = preSolution
		Debug|Any CPU = Debug|Any CPU
		Release|Any CPU = Release|Any CPU
	EndGlobalSection
	GlobalSection(ProjectConfigurationPlatforms) = postSolution
		{5DA0ABB5-2549-49E8-96C6-B5B674AF8C8F}.Debug|Any CPU.ActiveCfg = Debug|Any CPU
		{5DA0ABB5-2549-49E8-96C6-B5B674AF8C8F}.Debug|Any CPU.Build.0 = Debug|Any CPU
		{5DA0ABB5-2549-49E8-96C6-B5B674AF8C8F}.Release|Any CPU.ActiveCfg = Release|Any CPU
		{5DA0ABB5-2549-49E8-96C6-B5B674AF8C8F}.Release|Any CPU.Build.0 = Release|Any CPU
		{48B4342E-D433-4149-83D1-35C5120E0052}.Debug|Any CPU.ActiveCfg = Debug|Any CPU
		{48B4342E-D433-4149-83D1-35C5120E0052}.Debug|Any CPU.Build.0 = Debug|Any CPU
		{48B4342E-D433-4149-83D1-35C5120E0052}.Release|Any CPU.ActiveCfg = Release|Any CPU
		{48B4342E-D433-4149-83D1-35C5120E0052}.Release|Any CPU.Build.0 = Release|Any CPU
		{80336995-E4EA-4301-9F5D-9ACB41099BDF}.Debug|Any CPU.ActiveCfg = Debug|Any CPU
		{80336995-E4EA-4301-9F5D-9ACB41099BDF}.Debug|Any CPU.Build.0 = Debug|Any CPU
		{80336995-E4EA-4301-9F5D-9ACB41099BDF}.Release|Any CPU.ActiveCfg = Release|Any CPU
		{80336995-E4EA-4301-9F5D-9ACB41099BDF}.Release|Any CPU.Build.0 = Release|Any CPU
		{7B0D9D9C-3C6A-452F-857B-AC379258FCA1}.Debug|Any CPU.ActiveCfg = Debug|Any CPU
		{7B0D9D9C-3C6A-452F-857B-AC379258FCA1}.Debug|Any CPU.Build.0 = Debug|Any CPU
		{7B0D9D9C-3C6A-452F-857B-AC379258FCA1}.Release|Any CPU.ActiveCfg = Release|Any CPU
		{7B0D9D9C-3C6A-452F-857B-AC379258FCA1}.Release|Any CPU.Build.0 = Release|Any CPU
		{11C1C78F-3BD8-4FA7-B8B2-EE77E230EDB6}.Debug|Any CPU.ActiveCfg = Debug|Any CPU
		{11C1C78F-3BD8-4FA7-B8B2-EE77E230EDB6}.Debug|Any CPU.Build.0 = Debug|Any CPU
		{11C1C78F-3BD8-4FA7-B8B2-EE77E230EDB6}.Release|Any CPU.ActiveCfg = Release|Any CPU
		{11C1C78F-3BD8-4FA7-B8B2-EE77E230EDB6}.Release|Any CPU.Build.0 = Release|Any CPU
		{4FC5EBCA-FE47-4E2C-9373-9B4DDE7D0178}.Debug|Any CPU.ActiveCfg = Debug|Any CPU
		{4FC5EBCA-FE47-4E2C-9373-9B4DDE7D0178}.Debug|Any CPU.Build.0 = Debug|Any CPU
		{4FC5EBCA-FE47-4E2C-9373-9B4DDE7D0178}.Release|Any CPU.ActiveCfg = Release|Any CPU
		{4FC5EBCA-FE47-4E2C-9373-9B4DDE7D0178}.Release|Any CPU.Build.0 = Release|Any CPU
		{C1AA85D0-7825-4C25-AE83-0BA512EEE9B6}.Debug|Any CPU.ActiveCfg = Debug|Any CPU
		{C1AA85D0-7825-4C25-AE83-0BA512EEE9B6}.Debug|Any CPU.Build.0 = Debug|Any CPU
		{C1AA85D0-7825-4C25-AE83-0BA512EEE9B6}.Release|Any CPU.ActiveCfg = Release|Any CPU
		{C1AA85D0-7825-4C25-AE83-0BA512EEE9B6}.Release|Any CPU.Build.0 = Release|Any CPU
		{DC712CA2-84B4-4642-9CA5-E56B201BAACD}.Debug|Any CPU.ActiveCfg = Debug|Any CPU
		{DC712CA2-84B4-4642-9CA5-E56B201BAACD}.Debug|Any CPU.Build.0 = Debug|Any CPU
		{DC712CA2-84B4-4642-9CA5-E56B201BAACD}.Release|Any CPU.ActiveCfg = Release|Any CPU
		{DC712CA2-84B4-4642-9CA5-E56B201BAACD}.Release|Any CPU.Build.0 = Release|Any CPU
		{1258C1F1-27D1-4E31-BEB5-B3895E7B93B6}.Debug|Any CPU.ActiveCfg = Debug|Any CPU
		{1258C1F1-27D1-4E31-BEB5-B3895E7B93B6}.Debug|Any CPU.Build.0 = Debug|Any CPU
		{1258C1F1-27D1-4E31-BEB5-B3895E7B93B6}.Release|Any CPU.ActiveCfg = Release|Any CPU
		{1258C1F1-27D1-4E31-BEB5-B3895E7B93B6}.Release|Any CPU.Build.0 = Release|Any CPU
	EndGlobalSection
	GlobalSection(SolutionProperties) = preSolution
		HideSolutionNode = FALSE
	EndGlobalSection
	GlobalSection(NestedProjects) = preSolution
		{5DA0ABB5-2549-49E8-96C6-B5B674AF8C8F} = {0AAFF19A-6F64-47A5-9A23-E013F73D0A60}
		{48B4342E-D433-4149-83D1-35C5120E0052} = {02EA681E-C7D8-13C7-8484-4AC65E1B71E8}
		{80336995-E4EA-4301-9F5D-9ACB41099BDF} = {0AAFF19A-6F64-47A5-9A23-E013F73D0A60}
		{7B0D9D9C-3C6A-452F-857B-AC379258FCA1} = {0AAFF19A-6F64-47A5-9A23-E013F73D0A60}
		{11C1C78F-3BD8-4FA7-B8B2-EE77E230EDB6} = {0AAFF19A-6F64-47A5-9A23-E013F73D0A60}
		{4FC5EBCA-FE47-4E2C-9373-9B4DDE7D0178} = {0AAFF19A-6F64-47A5-9A23-E013F73D0A60}
		{C1AA85D0-7825-4C25-AE83-0BA512EEE9B6} = {4BE4C3A2-CE47-4C21-A6CA-F1AAE009C711}
		{DC712CA2-84B4-4642-9CA5-E56B201BAACD} = {0AAFF19A-6F64-47A5-9A23-E013F73D0A60}
		{1258C1F1-27D1-4E31-BEB5-B3895E7B93B6} = {0AAFF19A-6F64-47A5-9A23-E013F73D0A60}
	EndGlobalSection
	GlobalSection(ExtensibilityGlobals) = postSolution
		SolutionGuid = {1A4CA484-7BCF-40C6-AF17-AE6B425A1DCF}
	EndGlobalSection
EndGlobal
